
Microsoft Visual Studio Solution File, Format Version 12.00
# Visual Studio Version 16
VisualStudioVersion = 16.0.30804.86
MinimumVisualStudioVersion = 10.0.40219.1
Project("{FAE04EC0-301F-11D3-BF4B-00C04F79EFBC}") = "Rexport", "Rexport\Rexport.csproj", "{B08010BA-8EF9-44FE-B53A-1A0353B32D59}"
EndProject
Global
	GlobalSection(SolutionConfigurationPlatforms) = preSolution
		Debug|Any CPU = Debug|Any CPU
		Release|Any CPU = Release|Any CPU
	EndGlobalSection
	GlobalSection(ProjectConfigurationPlatforms) = postSolution
		{B08010BA-8EF9-44FE-B53A-1A0353B32D59}.Debug|Any CPU.ActiveCfg = Debug|Any CPU
		{B08010BA-8EF9-44FE-B53A-1A0353B32D59}.Debug|Any CPU.Build.0 = Debug|Any CPU
		{B08010BA-8EF9-44FE-B53A-1A0353B32D59}.Release|Any CPU.ActiveCfg = Release|Any CPU
		{B08010BA-8EF9-44FE-B53A-1A0353B32D59}.Release|Any CPU.Build.0 = Release|Any CPU
	EndGlobalSection
	GlobalSection(SolutionProperties) = preSolution
		HideSolutionNode = FALSE
	EndGlobalSection
	GlobalSection(ExtensibilityGlobals) = postSolution
		SolutionGuid = {1AF40B69-6ECF-47B1-B1DC-4580A13D686B}
	EndGlobalSection
EndGlobal
